{
  "nodes": {
    "lerchchawan": {
      "inputs": {
        "nixpkgs": "nixpkgs"
      },
      "locked": {
        "lastModified": 1750283022,
        "narHash": "sha256-/9p23M9CiBOwT7L23I3F48DF3VtiFGnmc20B9yd94+8=",
        "ref": "refs/heads/master",
        "rev": "974100f81d4377a9265d3ab6bf0f3d2c4b4f7e4d",
        "revCount": 6,
        "type": "git",
        "url": "https://git.lerch.org/lobo/chawan-flake.git"
      },
      "original": {
        "type": "git",
        "url": "https://git.lerch.org/lobo/chawan-flake.git"
      }
    },
    "lerchghostty": {
      "inputs": {
        "nixpkgs": "nixpkgs_2"
      },
      "locked": {
        "lastModified": 1759433996,
        "narHash": "sha256-ll5TZfi0Pd2SHIqf5Y4dtaZEm8l0kkr5XtZTePxuJj0=",
        "ref": "refs/heads/master",
        "rev": "a9adf280da1c35bcbb5d8f26635b1cc5b9c89dd4",
        "revCount": 3,
        "type": "git",
        "url": "https://git.lerch.org/lobo/ghostty-flake.git"
      },
      "original": {
        "type": "git",
        "url": "https://git.lerch.org/lobo/ghostty-flake.git"
      }
    },
    "nixpkgs": {
      "locked": {
        "lastModified": 1736344531,
        "narHash": "sha256-8YVQ9ZbSfuUk2bUf2KRj60NRraLPKPS0Q4QFTbc+c2c=",
        "owner": "NixOS",
        "repo": "nixpkgs",
        "rev": "bffc22eb12172e6db3c5dde9e3e5628f8e3e7912",
        "type": "github"
      },
      "original": {
        "id": "nixpkgs",
        "ref": "nixos-unstable",
        "type": "indirect"
      }
    },
    "nixpkgs_2": {
      "locked": {
        "lastModified": 1759036355,
        "narHash": "sha256-0m27AKv6ka+q270dw48KflE0LwQYrO7Fm4/2//KCVWg=",
        "owner": "NixOS",
        "repo": "nixpkgs",
        "rev": "e9f00bd893984bc8ce46c895c3bf7cac95331127",
        "type": "github"
      },
      "original": {
        "id": "nixpkgs",
        "ref": "nixos-unstable",
        "type": "indirect"
      }
    },
    "nixpkgs_3": {
      "locked": {
        "lastModified": 1759386674,
        "narHash": "sha256-wg1Lz/1FC5Q13R+mM5a2oTV9TA9L/CHHTm3/PiLayfA=",
        "owner": "NixOS",
        "repo": "nixpkgs",
        "rev": "625ad6366178f03acd79f9e3822606dd7985b657",
        "type": "github"
      },
      "original": {
        "id": "nixpkgs",
        "ref": "nixpkgs-unstable",
        "type": "indirect"
      }
    },
    "root": {
      "inputs": {
        "lerchchawan": "lerchchawan",
        "lerchghostty": "lerchghostty",
        "nixpkgs": "nixpkgs_3"
      }
    }
  },
  "root": "root",
  "version": 7
}
