{
  "nodes": {
    "flake-utils": {
      "inputs": {
        "systems": "systems"
      },
      "locked": {
        "lastModified": 1726560853,
        "narHash": "sha256-X6rJYSESBVr3hBoH0WbKE5KvhPU5bloyZ2L4K60/fPQ=",
        "owner": "numtide",
        "repo": "flake-utils",
        "rev": "c1dfcf08411b08f6b8615f7d8971a2bfa81d5e8a",
        "type": "github"
      },
      "original": {
        "owner": "numtide",
        "repo": "flake-utils",
        "type": "github"
      }
    },
    "flake-utils_2": {
      "inputs": {
        "systems": "systems_2"
      },
      "locked": {
        "lastModified": 1731533236,
        "narHash": "sha256-l0KFg5HjrsfsO/JpG+r7fRrqm12kzFHyUHqHCVpMMbI=",
        "owner": "numtide",
        "repo": "flake-utils",
        "rev": "11707dc2f618dd54ca8739b309ec4fc024de578b",
        "type": "github"
      },
      "original": {
        "owner": "numtide",
        "repo": "flake-utils",
        "type": "github"
      }
    },
    "lerchchawan": {
      "inputs": {
        "nixpkgs": "nixpkgs"
      },
      "locked": {
        "lastModified": 1737254011,
        "narHash": "sha256-iN2jil4o4yR4VTsQrm4bCBAWJ7GiZugSJonOvIJBGFQ=",
        "ref": "refs/heads/master",
        "rev": "80ee77aa8374c8172feafa8436fc09e2816e2594",
        "revCount": 3,
        "type": "git",
        "url": "https://git.lerch.org/lobo/chawan-flake.git"
      },
      "original": {
        "type": "git",
        "url": "https://git.lerch.org/lobo/chawan-flake.git"
      }
    },
    "lerchclipboard": {
      "inputs": {
        "flake-utils": "flake-utils",
        "nixpkgs": "nixpkgs_2"
      },
      "locked": {
        "lastModified": 1728966859,
        "narHash": "sha256-XWVJ6wEwKHx0NJ/8Xm13oYC1Ler9smWamcXC6MbEvYM=",
        "ref": "refs/heads/master",
        "rev": "384fdfbf0eefb3b3097860f245811ae59bebe321",
        "revCount": 2,
        "type": "git",
        "url": "https://git.lerch.org/lobo/clipboard-flake.git"
      },
      "original": {
        "type": "git",
        "url": "https://git.lerch.org/lobo/clipboard-flake.git"
      }
    },
    "lerchghostty": {
      "inputs": {
        "nixpkgs": "nixpkgs_3"
      },
      "locked": {
        "lastModified": 1738371454,
        "narHash": "sha256-hfErlAA7FyC+FTo9HfXsKdIJL/7Qxf50NDKytxanKqU=",
        "ref": "refs/heads/master",
        "rev": "c52656033c45aa03c7e7e8508acda0cb30ed8eb4",
        "revCount": 1,
        "type": "git",
        "url": "https://git.lerch.org/lobo/ghostty-flake.git"
      },
      "original": {
        "type": "git",
        "url": "https://git.lerch.org/lobo/ghostty-flake.git"
      }
    },
    "nixpkgs": {
      "locked": {
        "lastModified": 1736344531,
        "narHash": "sha256-8YVQ9ZbSfuUk2bUf2KRj60NRraLPKPS0Q4QFTbc+c2c=",
        "owner": "NixOS",
        "repo": "nixpkgs",
        "rev": "bffc22eb12172e6db3c5dde9e3e5628f8e3e7912",
        "type": "github"
      },
      "original": {
        "id": "nixpkgs",
        "ref": "nixos-unstable",
        "type": "indirect"
      }
    },
    "nixpkgs_2": {
      "locked": {
        "lastModified": 1728492678,
        "narHash": "sha256-9UTxR8eukdg+XZeHgxW5hQA9fIKHsKCdOIUycTryeVw=",
        "owner": "NixOS",
        "repo": "nixpkgs",
        "rev": "5633bcff0c6162b9e4b5f1264264611e950c8ec7",
        "type": "github"
      },
      "original": {
        "owner": "NixOS",
        "ref": "nixos-unstable",
        "repo": "nixpkgs",
        "type": "github"
      }
    },
    "nixpkgs_3": {
      "locked": {
        "lastModified": 1738142207,
        "narHash": "sha256-NGqpVVxNAHwIicXpgaVqJEJWeyqzoQJ9oc8lnK9+WC4=",
        "owner": "NixOS",
        "repo": "nixpkgs",
        "rev": "9d3ae807ebd2981d593cddd0080856873139aa40",
        "type": "github"
      },
      "original": {
        "id": "nixpkgs",
        "ref": "nixos-unstable",
        "type": "indirect"
      }
    },
    "nixpkgs_4": {
      "locked": {
        "lastModified": 1737110817,
        "narHash": "sha256-DSenga8XjPaUV5KUFW/i3rNkN7jm9XmguW+qQ1ZJTR4=",
        "owner": "NixOS",
        "repo": "nixpkgs",
        "rev": "041c867bad68dfe34b78b2813028a2e2ea70a23c",
        "type": "github"
      },
      "original": {
        "id": "nixpkgs",
        "ref": "nixpkgs-unstable",
        "type": "indirect"
      }
    },
    "nixpkgs_5": {
      "locked": {
        "lastModified": 1737062831,
        "narHash": "sha256-Tbk1MZbtV2s5aG+iM99U8FqwxU/YNArMcWAv6clcsBc=",
        "owner": "NixOS",
        "repo": "nixpkgs",
        "rev": "5df43628fdf08d642be8ba5b3625a6c70731c19c",
        "type": "github"
      },
      "original": {
        "owner": "NixOS",
        "ref": "nixos-unstable",
        "repo": "nixpkgs",
        "type": "github"
      }
    },
    "root": {
      "inputs": {
        "lerchchawan": "lerchchawan",
        "lerchclipboard": "lerchclipboard",
        "lerchghostty": "lerchghostty",
        "nixpkgs": "nixpkgs_4",
        "xdgzvm": "xdgzvm"
      }
    },
    "systems": {
      "locked": {
        "lastModified": 1681028828,
        "narHash": "sha256-Vy1rq5AaRuLzOxct8nz4T6wlgyUR7zLU309k9mBC768=",
        "owner": "nix-systems",
        "repo": "default",
        "rev": "da67096a3b9bf56a91d16901293e51ba5b49a27e",
        "type": "github"
      },
      "original": {
        "owner": "nix-systems",
        "repo": "default",
        "type": "github"
      }
    },
    "systems_2": {
      "locked": {
        "lastModified": 1681028828,
        "narHash": "sha256-Vy1rq5AaRuLzOxct8nz4T6wlgyUR7zLU309k9mBC768=",
        "owner": "nix-systems",
        "repo": "default",
        "rev": "da67096a3b9bf56a91d16901293e51ba5b49a27e",
        "type": "github"
      },
      "original": {
        "owner": "nix-systems",
        "repo": "default",
        "type": "github"
      }
    },
    "xdgzvm": {
      "inputs": {
        "flake-utils": "flake-utils_2",
        "nixpkgs": "nixpkgs_5"
      },
      "locked": {
        "lastModified": 1737323831,
        "narHash": "sha256-G1pJE3RtiWoDqMR9CPXMkyo1NXAV7iTkVGe8hh01Ldk=",
        "ref": "refs/heads/master",
        "rev": "22dd035a2d1be35522e41a6117b49e007e7031d8",
        "revCount": 2,
        "type": "git",
        "url": "https://git.lerch.org/lobo/zvm-flake.git"
      },
      "original": {
        "type": "git",
        "url": "https://git.lerch.org/lobo/zvm-flake.git"
      }
    }
  },
  "root": "root",
  "version": 7
}
