{
  "nodes": {
    "flake-utils": {
      "inputs": {
        "systems": "systems"
      },
      "locked": {
        "lastModified": 1731533236,
        "narHash": "sha256-l0KFg5HjrsfsO/JpG+r7fRrqm12kzFHyUHqHCVpMMbI=",
        "owner": "numtide",
        "repo": "flake-utils",
        "rev": "11707dc2f618dd54ca8739b309ec4fc024de578b",
        "type": "github"
      },
      "original": {
        "owner": "numtide",
        "repo": "flake-utils",
        "type": "github"
      }
    },
    "lerchchawan": {
      "inputs": {
        "nixpkgs": "nixpkgs"
      },
      "locked": {
        "lastModified": 1739911743,
        "narHash": "sha256-uRkXOuTbI5flqCztkJ37Jr/b9vPacvIUcNLTZIsgWcY=",
        "ref": "refs/heads/master",
        "rev": "f755ce9ddd51e13863979034e3d1edc9463b1a84",
        "revCount": 4,
        "type": "git",
        "url": "https://git.lerch.org/lobo/chawan-flake.git"
      },
      "original": {
        "type": "git",
        "url": "https://git.lerch.org/lobo/chawan-flake.git"
      }
    },
    "lerchghostty": {
      "inputs": {
        "nixpkgs": "nixpkgs_2"
      },
      "locked": {
        "lastModified": 1738371454,
        "narHash": "sha256-hfErlAA7FyC+FTo9HfXsKdIJL/7Qxf50NDKytxanKqU=",
        "ref": "refs/heads/master",
        "rev": "c52656033c45aa03c7e7e8508acda0cb30ed8eb4",
        "revCount": 1,
        "type": "git",
        "url": "https://git.lerch.org/lobo/ghostty-flake.git"
      },
      "original": {
        "type": "git",
        "url": "https://git.lerch.org/lobo/ghostty-flake.git"
      }
    },
    "nixpkgs": {
      "locked": {
        "lastModified": 1736344531,
        "narHash": "sha256-8YVQ9ZbSfuUk2bUf2KRj60NRraLPKPS0Q4QFTbc+c2c=",
        "owner": "NixOS",
        "repo": "nixpkgs",
        "rev": "bffc22eb12172e6db3c5dde9e3e5628f8e3e7912",
        "type": "github"
      },
      "original": {
        "id": "nixpkgs",
        "ref": "nixos-unstable",
        "type": "indirect"
      }
    },
    "nixpkgs_2": {
      "locked": {
        "lastModified": 1738142207,
        "narHash": "sha256-NGqpVVxNAHwIicXpgaVqJEJWeyqzoQJ9oc8lnK9+WC4=",
        "owner": "NixOS",
        "repo": "nixpkgs",
        "rev": "9d3ae807ebd2981d593cddd0080856873139aa40",
        "type": "github"
      },
      "original": {
        "id": "nixpkgs",
        "ref": "nixos-unstable",
        "type": "indirect"
      }
    },
    "nixpkgs_3": {
      "locked": {
        "lastModified": 1739863612,
        "narHash": "sha256-UbtgxplOhFcyjBcNbTVO8+HUHAl/WXFDOb6LvqShiZo=",
        "owner": "NixOS",
        "repo": "nixpkgs",
        "rev": "632f04521e847173c54fa72973ec6c39a371211c",
        "type": "github"
      },
      "original": {
        "id": "nixpkgs",
        "ref": "nixpkgs-unstable",
        "type": "indirect"
      }
    },
    "nixpkgs_4": {
      "locked": {
        "lastModified": 1737062831,
        "narHash": "sha256-Tbk1MZbtV2s5aG+iM99U8FqwxU/YNArMcWAv6clcsBc=",
        "owner": "NixOS",
        "repo": "nixpkgs",
        "rev": "5df43628fdf08d642be8ba5b3625a6c70731c19c",
        "type": "github"
      },
      "original": {
        "owner": "NixOS",
        "ref": "nixos-unstable",
        "repo": "nixpkgs",
        "type": "github"
      }
    },
    "root": {
      "inputs": {
        "lerchchawan": "lerchchawan",
        "lerchghostty": "lerchghostty",
        "nixpkgs": "nixpkgs_3",
        "xdgzvm": "xdgzvm"
      }
    },
    "systems": {
      "locked": {
        "lastModified": 1681028828,
        "narHash": "sha256-Vy1rq5AaRuLzOxct8nz4T6wlgyUR7zLU309k9mBC768=",
        "owner": "nix-systems",
        "repo": "default",
        "rev": "da67096a3b9bf56a91d16901293e51ba5b49a27e",
        "type": "github"
      },
      "original": {
        "owner": "nix-systems",
        "repo": "default",
        "type": "github"
      }
    },
    "xdgzvm": {
      "inputs": {
        "flake-utils": "flake-utils",
        "nixpkgs": "nixpkgs_4"
      },
      "locked": {
        "lastModified": 1737323831,
        "narHash": "sha256-G1pJE3RtiWoDqMR9CPXMkyo1NXAV7iTkVGe8hh01Ldk=",
        "ref": "refs/heads/master",
        "rev": "22dd035a2d1be35522e41a6117b49e007e7031d8",
        "revCount": 2,
        "type": "git",
        "url": "https://git.lerch.org/lobo/zvm-flake.git"
      },
      "original": {
        "type": "git",
        "url": "https://git.lerch.org/lobo/zvm-flake.git"
      }
    }
  },
  "root": "root",
  "version": 7
}
